Microsoft Visual Studio Solution File, Format Version 12.00
# Visual Studio Version 17
VisualStudioVersion = 17.13.35931.197
MinimumVisualStudioVersion = 10.0.40219.1
Project("{FAE04EC0-301F-11D3-BF4B-00C04F79EFBC}") = "raymondmcdonald.net", "raymondmcdonald.net.csproj", "{9483D540-CBDE-4AEF-93E2-6272FC5A506A}"
EndProject
Global
	GlobalSection(SolutionConfigurationPlatforms) = preSolution
		Debug|Any CPU = Debug|Any CPU
		Release|Any CPU = Release|Any CPU
	EndGlobalSection
	GlobalSection(ProjectConfigurationPlatforms) = postSolution
		{9483D540-CBDE-4AEF-93E2-6272FC5A506A}.Debug|Any CPU.ActiveCfg = Debug|Any CPU
		{9483D540-CBDE-4AEF-93E2-6272FC5A506A}.Debug|Any CPU.Build.0 = Debug|Any CPU
		{9483D540-CBDE-4AEF-93E2-6272FC5A506A}.Release|Any CPU.ActiveCfg = Release|Any CPU
		{9483D540-CBDE-4AEF-93E2-6272FC5A506A}.Release|Any CPU.Build.0 = Release|Any CPU
	EndGlobalSection
	GlobalSection(SolutionProperties) = preSolution
		HideSolutionNode = FALSE
	EndGlobalSection
	GlobalSection(ExtensibilityGlobals) = postSolution
		SolutionGuid = {7D2E7F0E-7BDB-4ED3-BB74-2C8D9F093FF7}
	EndGlobalSection
EndGlobal
